<?xml version="1.0" encoding="utf-8"?>
<Project ToolsVersion="4.0" xmlns="http://schemas.microsoft.com/developer/msbuild/2003">
  <ItemGroup>
    <Filter Include="源文件">
      <UniqueIdentifier>{4FC737F1-C7A5-4376-A066-2A32D752A2FF}</UniqueIdentifier>
      <Extensions>cpp;c;cc;cxx;c++;cppm;ixx;def;odl;idl;hpj;bat;asm;asmx</Extensions>
    </Filter>
    <Filter Include="头文件">
      <UniqueIdentifier>{93995380-89BD-4b04-88EB-625FBE52EBFB}</UniqueIdentifier>
      <Extensions>h;hh;hpp;hxx;h++;hm;inl;inc;ipp;xsd</Extensions>
    </Filter>
    <Filter Include="资源文件">
      <UniqueIdentifier>{67DA6AB6-F800-4c08-8B7A-83BB121AAD01}</UniqueIdentifier>
      <Extensions>rc;ico;cur;bmp;dlg;rc2;rct;bin;rgs;gif;jpg;jpeg;jpe;resx;tiff;tif;png;wav;mfcribbon-ms</Extensions>
    </Filter>
    <Filter Include="inc">
      <UniqueIdentifier>{48bd2268-3c2b-48ed-b123-ed2030868b0c}</UniqueIdentifier>
    </Filter>
    <Filter Include="src">
      <UniqueIdentifier>{8ef06087-ddec-4981-9c65-a1de3d4e9997}</UniqueIdentifier>
    </Filter>
    <Filter Include="inc\glad">
      <UniqueIdentifier>{f9becfe1-45d1-46b4-8fea-9df1ae5895ab}</UniqueIdentifier>
    </Filter>
    <Filter Include="inc\GLFW">
      <UniqueIdentifier>{d230ca97-d0c4-4445-8a7b-fd6a288ffd32}</UniqueIdentifier>
    </Filter>
    <Filter Include="inc\KHR">
      <UniqueIdentifier>{6879c607-ab54-4c22-a7a7-0687126c4a0c}</UniqueIdentifier>
    </Filter>
    <Filter Include="inc\stb">
      <UniqueIdentifier>{004355f7-c216-45c4-940f-e008bda4cd93}</UniqueIdentifier>
    </Filter>
    <Filter Include="shader">
      <UniqueIdentifier>{709f31c9-0127-4162-868e-70be31550356}</UniqueIdentifier>
    </Filter>
  </ItemGroup>
  <ItemGroup>
    <ClInclude Include="inc\glad\glad.h">
      <Filter>inc\glad</Filter>
    </ClInclude>
    <ClInclude Include="inc\GLFW\glfw3.h">
      <Filter>inc\GLFW</Filter>
    </ClInclude>
    <ClInclude Include="inc\GLFW\glfw3native.h">
      <Filter>inc\GLFW</Filter>
    </ClInclude>
    <ClInclude Include="inc\KHR\khrplatform.h">
      <Filter>inc\KHR</Filter>
    </ClInclude>
    <ClInclude Include="inc\stb\stb_image.h">
      <Filter>inc\stb</Filter>
    </ClInclude>
    <ClInclude Include="inc\stb\stb_image_resize.h">
      <Filter>inc\stb</Filter>
    </ClInclude>
    <ClInclude Include="inc\stb\stb_image_write.h">
      <Filter>inc\stb</Filter>
    </ClInclude>
  </ItemGroup>
  <ItemGroup>
    <ClCompile Include="src\glad.c">
      <Filter>src</Filter>
    </ClCompile>
    <ClCompile Include="src\main.cpp">
      <Filter>src</Filter>
    </ClCompile>
  </ItemGroup>
  <ItemGroup>
    <None Include="shader\TaskShader.frag">
      <Filter>shader</Filter>
    </None>
    <None Include="shader\TaskShader.vert">
      <Filter>shader</Filter>
    </None>
  </ItemGroup>
</Project>